
Microsoft Visual Studio Solution File, Format Version 12.00
# Visual Studio 15
VisualStudioVersion = 15.0.27130.2003
MinimumVisualStudioVersion = 10.0.40219.1
Project("{FAE04EC0-301F-11D3-BF4B-00C04F79EFBC}") = "AcikAkademiPN.Android", "AcikAkademiPN\AcikAkademiPN.Android\AcikAkademiPN.Android.csproj", "{3C1F5AD7-9470-48BF-B732-E548A2F2F64E}"
EndProject
Project("{FAE04EC0-301F-11D3-BF4B-00C04F79EFBC}") = "AcikAkademiPN.iOS", "AcikAkademiPN\AcikAkademiPN.iOS\AcikAkademiPN.iOS.csproj", "{3832839C-CED0-4F97-A9AC-678482EFDDF5}"
EndProject
Project("{FAE04EC0-301F-11D3-BF4B-00C04F79EFBC}") = "AcikAkademiPN", "AcikAkademiPN\AcikAkademiPN\AcikAkademiPN.csproj", "{F54BAA32-83C0-4BD6-B92C-23C5812537C4}"
EndProject
Global
	GlobalSection(SolutionConfigurationPlatforms) = preSolution
		Ad-Hoc|Any CPU = Ad-Hoc|Any CPU
		Ad-Hoc|iPhone = Ad-Hoc|iPhone
		Ad-Hoc|iPhoneSimulator = Ad-Hoc|iPhoneSimulator
		AppStore|Any CPU = AppStore|Any CPU
		AppStore|iPhone = AppStore|iPhone
		AppStore|iPhoneSimulator = AppStore|iPhoneSimulator
		Debug|Any CPU = Debug|Any CPU
		Debug|iPhone = Debug|iPhone
		Debug|iPhoneSimulator = Debug|iPhoneSimulator
		Release|Any CPU = Release|Any CPU
		Release|iPhone = Release|iPhone
		Release|iPhoneSimulator = Release|iPhoneSimulator
	EndGlobalSection
	GlobalSection(ProjectConfigurationPlatforms) = postSolution
		{3C1F5AD7-9470-48BF-B732-E548A2F2F64E}.Ad-Hoc|Any CPU.ActiveCfg = Release|Any CPU
		{3C1F5AD7-9470-48BF-B732-E548A2F2F64E}.Ad-Hoc|Any CPU.Build.0 = Release|Any CPU
		{3C1F5AD7-9470-48BF-B732-E548A2F2F64E}.Ad-Hoc|Any CPU.Deploy.0 = Release|Any CPU
		{3C1F5AD7-9470-48BF-B732-E548A2F2F64E}.Ad-Hoc|iPhone.ActiveCfg = Release|Any CPU
		{3C1F5AD7-9470-48BF-B732-E548A2F2F64E}.Ad-Hoc|iPhone.Build.0 = Release|Any CPU
		{3C1F5AD7-9470-48BF-B732-E548A2F2F64E}.Ad-Hoc|iPhone.Deploy.0 = Release|Any CPU
		{3C1F5AD7-9470-48BF-B732-E548A2F2F64E}.Ad-Hoc|iPhoneSimulator.ActiveCfg = Release|Any CPU
		{3C1F5AD7-9470-48BF-B732-E548A2F2F64E}.Ad-Hoc|iPhoneSimulator.Build.0 = Release|Any CPU
		{3C1F5AD7-9470-48BF-B732-E548A2F2F64E}.Ad-Hoc|iPhoneSimulator.Deploy.0 = Release|Any CPU
		{3C1F5AD7-9470-48BF-B732-E548A2F2F64E}.AppStore|Any CPU.ActiveCfg = Release|Any CPU
		{3C1F5AD7-9470-48BF-B732-E548A2F2F64E}.AppStore|Any CPU.Build.0 = Release|Any CPU
		{3C1F5AD7-9470-48BF-B732-E548A2F2F64E}.AppStore|Any CPU.Deploy.0 = Release|Any CPU
		{3C1F5AD7-9470-48BF-B732-E548A2F2F64E}.AppStore|iPhone.ActiveCfg = Release|Any CPU
		{3C1F5AD7-9470-48BF-B732-E548A2F2F64E}.AppStore|iPhone.Build.0 = Release|Any CPU
		{3C1F5AD7-9470-48BF-B732-E548A2F2F64E}.AppStore|iPhone.Deploy.0 = Release|Any CPU
		{3C1F5AD7-9470-48BF-B732-E548A2F2F64E}.AppStore|iPhoneSimulator.ActiveCfg = Release|Any CPU
		{3C1F5AD7-9470-48BF-B732-E548A2F2F64E}.AppStore|iPhoneSimulator.Build.0 = Release|Any CPU
		{3C1F5AD7-9470-48BF-B732-E548A2F2F64E}.AppStore|iPhoneSimulator.Deploy.0 = Release|Any CPU
		{3C1F5AD7-9470-48BF-B732-E548A2F2F64E}.Debug|Any CPU.ActiveCfg = Debug|Any CPU
		{3C1F5AD7-9470-48BF-B732-E548A2F2F64E}.Debug|Any CPU.Build.0 = Debug|Any CPU
		{3C1F5AD7-9470-48BF-B732-E548A2F2F64E}.Debug|Any CPU.Deploy.0 = Debug|Any CPU
		{3C1F5AD7-9470-48BF-B732-E548A2F2F64E}.Debug|iPhone.ActiveCfg = Debug|Any CPU
		{3C1F5AD7-9470-48BF-B732-E548A2F2F64E}.Debug|iPhone.Build.0 = Debug|Any CPU
		{3C1F5AD7-9470-48BF-B732-E548A2F2F64E}.Debug|iPhone.Deploy.0 = Debug|Any CPU
		{3C1F5AD7-9470-48BF-B732-E548A2F2F64E}.Debug|iPhoneSimulator.ActiveCfg = Debug|Any CPU
		{3C1F5AD7-9470-48BF-B732-E548A2F2F64E}.Debug|iPhoneSimulator.Build.0 = Debug|Any CPU
		{3C1F5AD7-9470-48BF-B732-E548A2F2F64E}.Debug|iPhoneSimulator.Deploy.0 = Debug|Any CPU
		{3C1F5AD7-9470-48BF-B732-E548A2F2F64E}.Release|Any CPU.ActiveCfg = Release|Any CPU
		{3C1F5AD7-9470-48BF-B732-E548A2F2F64E}.Release|Any CPU.Build.0 = Release|Any CPU
		{3C1F5AD7-9470-48BF-B732-E548A2F2F64E}.Release|Any CPU.Deploy.0 = Release|Any CPU
		{3C1F5AD7-9470-48BF-B732-E548A2F2F64E}.Release|iPhone.ActiveCfg = Release|Any CPU
		{3C1F5AD7-9470-48BF-B732-E548A2F2F64E}.Release|iPhone.Build.0 = Release|Any CPU
		{3C1F5AD7-9470-48BF-B732-E548A2F2F64E}.Release|iPhone.Deploy.0 = Release|Any CPU
		{3C1F5AD7-9470-48BF-B732-E548A2F2F64E}.Release|iPhoneSimulator.ActiveCfg = Release|Any CPU
		{3C1F5AD7-9470-48BF-B732-E548A2F2F64E}.Release|iPhoneSimulator.Build.0 = Release|Any CPU
		{3C1F5AD7-9470-48BF-B732-E548A2F2F64E}.Release|iPhoneSimulator.Deploy.0 = Release|Any CPU
		{3832839C-CED0-4F97-A9AC-678482EFDDF5}.Ad-Hoc|Any CPU.ActiveCfg = Ad-Hoc|iPhone
		{3832839C-CED0-4F97-A9AC-678482EFDDF5}.Ad-Hoc|iPhone.ActiveCfg = Ad-Hoc|iPhone
		{3832839C-CED0-4F97-A9AC-678482EFDDF5}.Ad-Hoc|iPhone.Build.0 = Ad-Hoc|iPhone
		{3832839C-CED0-4F97-A9AC-678482EFDDF5}.Ad-Hoc|iPhoneSimulator.ActiveCfg = Ad-Hoc|iPhoneSimulator
		{3832839C-CED0-4F97-A9AC-678482EFDDF5}.Ad-Hoc|iPhoneSimulator.Build.0 = Ad-Hoc|iPhoneSimulator
		{3832839C-CED0-4F97-A9AC-678482EFDDF5}.AppStore|Any CPU.ActiveCfg = AppStore|iPhone
		{3832839C-CED0-4F97-A9AC-678482EFDDF5}.AppStore|iPhone.ActiveCfg = AppStore|iPhone
		{3832839C-CED0-4F97-A9AC-678482EFDDF5}.AppStore|iPhone.Build.0 = AppStore|iPhone
		{3832839C-CED0-4F97-A9AC-678482EFDDF5}.AppStore|iPhoneSimulator.ActiveCfg = AppStore|iPhoneSimulator
		{3832839C-CED0-4F97-A9AC-678482EFDDF5}.AppStore|iPhoneSimulator.Build.0 = AppStore|iPhoneSimulator
		{3832839C-CED0-4F97-A9AC-678482EFDDF5}.Debug|Any CPU.ActiveCfg = Debug|iPhone
		{3832839C-CED0-4F97-A9AC-678482EFDDF5}.Debug|iPhone.ActiveCfg = Debug|iPhone
		{3832839C-CED0-4F97-A9AC-678482EFDDF5}.Debug|iPhone.Build.0 = Debug|iPhone
		{3832839C-CED0-4F97-A9AC-678482EFDDF5}.Debug|iPhoneSimulator.ActiveCfg = Debug|iPhoneSimulator
		{3832839C-CED0-4F97-A9AC-678482EFDDF5}.Debug|iPhoneSimulator.Build.0 = Debug|iPhoneSimulator
		{3832839C-CED0-4F97-A9AC-678482EFDDF5}.Release|Any CPU.ActiveCfg = Release|iPhone
		{3832839C-CED0-4F97-A9AC-678482EFDDF5}.Release|iPhone.ActiveCfg = Release|iPhone
		{3832839C-CED0-4F97-A9AC-678482EFDDF5}.Release|iPhone.Build.0 = Release|iPhone
		{3832839C-CED0-4F97-A9AC-678482EFDDF5}.Release|iPhoneSimulator.ActiveCfg = Release|iPhoneSimulator
		{3832839C-CED0-4F97-A9AC-678482EFDDF5}.Release|iPhoneSimulator.Build.0 = Release|iPhoneSimulator
		{F54BAA32-83C0-4BD6-B92C-23C5812537C4}.Ad-Hoc|Any CPU.ActiveCfg = Debug|Any CPU
		{F54BAA32-83C0-4BD6-B92C-23C5812537C4}.Ad-Hoc|Any CPU.Build.0 = Debug|Any CPU
		{F54BAA32-83C0-4BD6-B92C-23C5812537C4}.Ad-Hoc|iPhone.ActiveCfg = Debug|Any CPU
		{F54BAA32-83C0-4BD6-B92C-23C5812537C4}.Ad-Hoc|iPhone.Build.0 = Debug|Any CPU
		{F54BAA32-83C0-4BD6-B92C-23C5812537C4}.Ad-Hoc|iPhoneSimulator.ActiveCfg = Debug|Any CPU
		{F54BAA32-83C0-4BD6-B92C-23C5812537C4}.Ad-Hoc|iPhoneSimulator.Build.0 = Debug|Any CPU
		{F54BAA32-83C0-4BD6-B92C-23C5812537C4}.AppStore|Any CPU.ActiveCfg = Debug|Any CPU
		{F54BAA32-83C0-4BD6-B92C-23C5812537C4}.AppStore|Any CPU.Build.0 = Debug|Any CPU
		{F54BAA32-83C0-4BD6-B92C-23C5812537C4}.AppStore|iPhone.ActiveCfg = Debug|Any CPU
		{F54BAA32-83C0-4BD6-B92C-23C5812537C4}.AppStore|iPhone.Build.0 = Debug|Any CPU
		{F54BAA32-83C0-4BD6-B92C-23C5812537C4}.AppStore|iPhoneSimulator.ActiveCfg = Debug|Any CPU
		{F54BAA32-83C0-4BD6-B92C-23C5812537C4}.AppStore|iPhoneSimulator.Build.0 = Debug|Any CPU
		{F54BAA32-83C0-4BD6-B92C-23C5812537C4}.Debug|Any CPU.ActiveCfg = Debug|Any CPU
		{F54BAA32-83C0-4BD6-B92C-23C5812537C4}.Debug|Any CPU.Build.0 = Debug|Any CPU
		{F54BAA32-83C0-4BD6-B92C-23C5812537C4}.Debug|iPhone.ActiveCfg = Debug|Any CPU
		{F54BAA32-83C0-4BD6-B92C-23C5812537C4}.Debug|iPhone.Build.0 = Debug|Any CPU
		{F54BAA32-83C0-4BD6-B92C-23C5812537C4}.Debug|iPhoneSimulator.ActiveCfg = Debug|Any CPU
		{F54BAA32-83C0-4BD6-B92C-23C5812537C4}.Debug|iPhoneSimulator.Build.0 = Debug|Any CPU
		{F54BAA32-83C0-4BD6-B92C-23C5812537C4}.Release|Any CPU.ActiveCfg = Release|Any CPU
		{F54BAA32-83C0-4BD6-B92C-23C5812537C4}.Release|Any CPU.Build.0 = Release|Any CPU
		{F54BAA32-83C0-4BD6-B92C-23C5812537C4}.Release|iPhone.ActiveCfg = Release|Any CPU
		{F54BAA32-83C0-4BD6-B92C-23C5812537C4}.Release|iPhone.Build.0 = Release|Any CPU
		{F54BAA32-83C0-4BD6-B92C-23C5812537C4}.Release|iPhoneSimulator.ActiveCfg = Release|Any CPU
		{F54BAA32-83C0-4BD6-B92C-23C5812537C4}.Release|iPhoneSimulator.Build.0 = Release|Any CPU
	EndGlobalSection
	GlobalSection(SolutionProperties) = preSolution
		HideSolutionNode = FALSE
	EndGlobalSection
	GlobalSection(ExtensibilityGlobals) = postSolution
		SolutionGuid = {CB809BB4-5DA8-4291-8D3C-B6C23490354C}
	EndGlobalSection
EndGlobal
